
Microsoft Visual Studio Solution File, Format Version 12.00
# Visual Studio Version 16
VisualStudioVersion = 16.0.31624.102
MinimumVisualStudioVersion = 10.0.40219.1
Project("{FAE04EC0-301F-11D3-BF4B-00C04F79EFBC}") = "滑坡体的变形速度与应变计算", "滑坡体的变形速度与应变计算\滑坡体的变形速度与应变计算.csproj", "{8635EDD4-1EE0-47C2-8D5B-B29A1E71A55E}"
EndProject
Global
	GlobalSection(SolutionConfigurationPlatforms) = preSolution
		Debug|Any CPU = Debug|Any CPU
		Release|Any CPU = Release|Any CPU
	EndGlobalSection
	GlobalSection(ProjectConfigurationPlatforms) = postSolution
		{8635EDD4-1EE0-47C2-8D5B-B29A1E71A55E}.Debug|Any CPU.ActiveCfg = Debug|Any CPU
		{8635EDD4-1EE0-47C2-8D5B-B29A1E71A55E}.Debug|Any CPU.Build.0 = Debug|Any CPU
		{8635EDD4-1EE0-47C2-8D5B-B29A1E71A55E}.Release|Any CPU.ActiveCfg = Release|Any CPU
		{8635EDD4-1EE0-47C2-8D5B-B29A1E71A55E}.Release|Any CPU.Build.0 = Release|Any CPU
	EndGlobalSection
	GlobalSection(SolutionProperties) = preSolution
		HideSolutionNode = FALSE
	EndGlobalSection
	GlobalSection(ExtensibilityGlobals) = postSolution
		SolutionGuid = {8E2FA130-EB51-46A1-8D95-DA657F324EC7}
	EndGlobalSection
EndGlobal
